
Microsoft Visual Studio Solution File, Format Version 12.00
# Visual Studio 15
VisualStudioVersion = 15.0.28010.2050
MinimumVisualStudioVersion = 10.0.40219.1
Project("{FAE04EC0-301F-11D3-BF4B-00C04F79EFBC}") = "Kolokvij_3", "Kolokvij_3\Kolokvij_3.csproj", "{FAE40777-5247-402D-9EAB-DA0308D2D1B8}"
EndProject
Global
	GlobalSection(SolutionConfigurationPlatforms) = preSolution
		Debug|Any CPU = Debug|Any CPU
		Release|Any CPU = Release|Any CPU
	EndGlobalSection
	GlobalSection(ProjectConfigurationPlatforms) = postSolution
		{FAE40777-5247-402D-9EAB-DA0308D2D1B8}.Debug|Any CPU.ActiveCfg = Debug|Any CPU
		{FAE40777-5247-402D-9EAB-DA0308D2D1B8}.Debug|Any CPU.Build.0 = Debug|Any CPU
		{FAE40777-5247-402D-9EAB-DA0308D2D1B8}.Release|Any CPU.ActiveCfg = Release|Any CPU
		{FAE40777-5247-402D-9EAB-DA0308D2D1B8}.Release|Any CPU.Build.0 = Release|Any CPU
	EndGlobalSection
	GlobalSection(SolutionProperties) = preSolution
		HideSolutionNode = FALSE
	EndGlobalSection
	GlobalSection(ExtensibilityGlobals) = postSolution
		SolutionGuid = {0D48E48F-50C2-4F1C-8DAF-517673F79872}
	EndGlobalSection
EndGlobal
